# THIS IS AN AUTOGENERATED FILE. DO NOT EDIT THIS FILE DIRECTLY.
# yarn lockfile v1


daisyui@^5.0.43:
  version "5.0.43"
  resolved "https://registry.yarnpkg.com/daisyui/-/daisyui-5.0.43.tgz#9c1ce45c8967825dc88330f1dfdfcd670c60d8d9"
  integrity sha512-2pshHJ73vetSpsbAyaOncGnNYL0mwvgseS1EWy1I9Qpw8D11OuBoDNIWrPIME4UFcq2xuff3A9x+eXbuFR9fUQ==
